
Microsoft Visual Studio Solution File, Format Version 12.00
# Visual Studio 2012
Project("{FAE04EC0-301F-11D3-BF4B-00C04F79EFBC}") = "Site", "Site\Site.csproj", "{4FAD58BB-B985-42B7-9CE2-70339F513193}"
EndProject
Project("{FAE04EC0-301F-11D3-BF4B-00C04F79EFBC}") = "DAL", "DAL\DAL.csproj", "{930FC074-D595-44AE-B071-92F30E75DA75}"
EndProject
Global
	GlobalSection(SolutionConfigurationPlatforms) = preSolution
		Debug|Any CPU = Debug|Any CPU
		Release|Any CPU = Release|Any CPU
	EndGlobalSection
	GlobalSection(ProjectConfigurationPlatforms) = postSolution
		{4FAD58BB-B985-42B7-9CE2-70339F513193}.Debug|Any CPU.ActiveCfg = Debug|Any CPU
		{4FAD58BB-B985-42B7-9CE2-70339F513193}.Debug|Any CPU.Build.0 = Debug|Any CPU
		{4FAD58BB-B985-42B7-9CE2-70339F513193}.Release|Any CPU.ActiveCfg = Release|Any CPU
		{4FAD58BB-B985-42B7-9CE2-70339F513193}.Release|Any CPU.Build.0 = Release|Any CPU
		{930FC074-D595-44AE-B071-92F30E75DA75}.Debug|Any CPU.ActiveCfg = Debug|Any CPU
		{930FC074-D595-44AE-B071-92F30E75DA75}.Debug|Any CPU.Build.0 = Debug|Any CPU
		{930FC074-D595-44AE-B071-92F30E75DA75}.Release|Any CPU.ActiveCfg = Release|Any CPU
		{930FC074-D595-44AE-B071-92F30E75DA75}.Release|Any CPU.Build.0 = Release|Any CPU
	EndGlobalSection
	GlobalSection(SolutionProperties) = preSolution
		HideSolutionNode = FALSE
	EndGlobalSection
EndGlobal
